
Microsoft Visual Studio Solution File, Format Version 12.00
# Visual Studio 15
VisualStudioVersion = 15.0.27130.2010
MinimumVisualStudioVersion = 10.0.40219.1
Project("{FAE04EC0-301F-11D3-BF4B-00C04F79EFBC}") = "GreedRulesEngine", "GreedRulesEngine\GreedRulesEngine.csproj", "{31C21BEF-4F98-4F32-8EA1-5A8CAC7B1F50}"
EndProject
Project("{FAE04EC0-301F-11D3-BF4B-00C04F79EFBC}") = "GreedRulesEngine.Tests", "GreedRulesEngine.Tests\GreedRulesEngine.Tests.csproj", "{56CB4BCA-520B-4DC0-B8FD-8C9DC502BCD2}"
EndProject
Global
	GlobalSection(SolutionConfigurationPlatforms) = preSolution
		Debug|Any CPU = Debug|Any CPU
		Release|Any CPU = Release|Any CPU
	EndGlobalSection
	GlobalSection(ProjectConfigurationPlatforms) = postSolution
		{31C21BEF-4F98-4F32-8EA1-5A8CAC7B1F50}.Debug|Any CPU.ActiveCfg = Debug|Any CPU
		{31C21BEF-4F98-4F32-8EA1-5A8CAC7B1F50}.Debug|Any CPU.Build.0 = Debug|Any CPU
		{31C21BEF-4F98-4F32-8EA1-5A8CAC7B1F50}.Release|Any CPU.ActiveCfg = Release|Any CPU
		{31C21BEF-4F98-4F32-8EA1-5A8CAC7B1F50}.Release|Any CPU.Build.0 = Release|Any CPU
		{56CB4BCA-520B-4DC0-B8FD-8C9DC502BCD2}.Debug|Any CPU.ActiveCfg = Debug|Any CPU
		{56CB4BCA-520B-4DC0-B8FD-8C9DC502BCD2}.Debug|Any CPU.Build.0 = Debug|Any CPU
		{56CB4BCA-520B-4DC0-B8FD-8C9DC502BCD2}.Release|Any CPU.ActiveCfg = Release|Any CPU
		{56CB4BCA-520B-4DC0-B8FD-8C9DC502BCD2}.Release|Any CPU.Build.0 = Release|Any CPU
	EndGlobalSection
	GlobalSection(SolutionProperties) = preSolution
		HideSolutionNode = FALSE
	EndGlobalSection
	GlobalSection(ExtensibilityGlobals) = postSolution
		SolutionGuid = {90738600-A916-4D43-B8F9-D87D088AD22E}
	EndGlobalSection
EndGlobal
